// !$*UTF8*$!
{
	archiveVersion = 1;
	classes = {
	};
	objectVersion = 46;
	objects = {

/* Begin PBXBuildFile section */
		AD5CBFCB1A667DF5000EE101 /* hand61.png in Resources */ = {isa = PBXBuildFile; fileRef = AD5CBFC91A667DF5000EE101 /* hand61.png */; };
		AD5CBFCC1A667DF5000EE101 /* mobilephone15.png in Resources */ = {isa = PBXBuildFile; fileRef = AD5CBFCA1A667DF5000EE101 /* mobilephone15.png */; };
		ADB9490C1A63E502004C147B /* main.m in Sources */ = {isa = PBXBuildFile; fileRef = ADB9490B1A63E502004C147B /* main.m */; };
		ADB9490F1A63E502004C147B /* AppDelegate.m in Sources */ = {isa = PBXBuildFile; fileRef = ADB9490E1A63E502004C147B /* AppDelegate.m */; };
		ADB949111A63E502004C147B /* Images.xcassets in Resources */ = {isa = PBXBuildFile; fileRef = ADB949101A63E502004C147B /* Images.xcassets */; };
		ADB949141A63E502004C147B /* LaunchScreen.xib in Resources */ = {isa = PBXBuildFile; fileRef = ADB949121A63E502004C147B /* LaunchScreen.xib */; };
		ADB949201A63E502004C147B /* StarWarsTests.m in Sources */ = {isa = PBXBuildFile; fileRef = ADB9491F1A63E502004C147B /* StarWarsTests.m */; };
		ADB9492B1A63F08B004C147B /* VOSStarWarsCharacter.m in Sources */ = {isa = PBXBuildFile; fileRef = ADB9492A1A63F08B004C147B /* VOSStarWarsCharacter.m */; };
		ADB949301A63F6FE004C147B /* VOSCharacterViewController.m in Sources */ = {isa = PBXBuildFile; fileRef = ADB9492E1A63F6FE004C147B /* VOSCharacterViewController.m */; };
		ADB949311A63F6FE004C147B /* VOSCharacterViewController.xib in Resources */ = {isa = PBXBuildFile; fileRef = ADB9492F1A63F6FE004C147B /* VOSCharacterViewController.xib */; };
		ADB949421A640452004C147B /* c3po.jpg in Resources */ = {isa = PBXBuildFile; fileRef = ADB949341A640452004C147B /* c3po.jpg */; };
		ADB949431A640452004C147B /* c3po.caf in Resources */ = {isa = PBXBuildFile; fileRef = ADB949351A640452004C147B /* c3po.caf */; };
		ADB949441A640452004C147B /* chewbacca.caf in Resources */ = {isa = PBXBuildFile; fileRef = ADB949361A640452004C147B /* chewbacca.caf */; };
		ADB949451A640452004C147B /* chewbacca.jpg in Resources */ = {isa = PBXBuildFile; fileRef = ADB949371A640452004C147B /* chewbacca.jpg */; };
		ADB949461A640452004C147B /* darthVader.jpg in Resources */ = {isa = PBXBuildFile; fileRef = ADB949381A640452004C147B /* darthVader.jpg */; };
		ADB949471A640452004C147B /* palpatine.caf in Resources */ = {isa = PBXBuildFile; fileRef = ADB949391A640452004C147B /* palpatine.caf */; };
		ADB949481A640452004C147B /* palpatine.jpg in Resources */ = {isa = PBXBuildFile; fileRef = ADB9493A1A640452004C147B /* palpatine.jpg */; };
		ADB949491A640452004C147B /* r2-d2.caf in Resources */ = {isa = PBXBuildFile; fileRef = ADB9493B1A640452004C147B /* r2-d2.caf */; };
		ADB9494A1A640452004C147B /* R2-D2.jpg in Resources */ = {isa = PBXBuildFile; fileRef = ADB9493C1A640452004C147B /* R2-D2.jpg */; };
		ADB9494B1A640452004C147B /* tarkin.caf in Resources */ = {isa = PBXBuildFile; fileRef = ADB9493D1A640452004C147B /* tarkin.caf */; };
		ADB9494C1A640452004C147B /* tarkin.jpg in Resources */ = {isa = PBXBuildFile; fileRef = ADB9493E1A640452004C147B /* tarkin.jpg */; };
		ADB9494D1A640452004C147B /* vader.caf in Resources */ = {isa = PBXBuildFile; fileRef = ADB9493F1A640452004C147B /* vader.caf */; };
		ADB9494E1A640452004C147B /* yoda.caf in Resources */ = {isa = PBXBuildFile; fileRef = ADB949401A640452004C147B /* yoda.caf */; };
		ADB9494F1A640452004C147B /* yoda.jpg in Resources */ = {isa = PBXBuildFile; fileRef = ADB949411A640452004C147B /* yoda.jpg */; };
		ADBD677A1A651A9400C150CA /* CafPlayer.m in Sources */ = {isa = PBXBuildFile; fileRef = ADBD67791A651A9400C150CA /* CafPlayer.m */; };
		ADBD677E1A6520E100C150CA /* VOSWikiViewController.m in Sources */ = {isa = PBXBuildFile; fileRef = ADBD677C1A6520E100C150CA /* VOSWikiViewController.m */; };
		ADBD677F1A6520E100C150CA /* VOSWikiViewController.xib in Resources */ = {isa = PBXBuildFile; fileRef = ADBD677D1A6520E100C150CA /* VOSWikiViewController.xib */; };
		ADCE8A281A66840C008A601C /* VOSStarWarsUniverseViewController.m in Sources */ = {isa = PBXBuildFile; fileRef = ADCE8A271A66840C008A601C /* VOSStarWarsUniverseViewController.m */; };
		ADE267B21A6676B5002A929A /* VOSStarWarsUniverse.m in Sources */ = {isa = PBXBuildFile; fileRef = ADE267B11A6676B5002A929A /* VOSStarWarsUniverse.m */; };
/* End PBXBuildFile section */

/* Begin PBXContainerItemProxy section */
		ADB9491A1A63E502004C147B /* PBXContainerItemProxy */ = {
			isa = PBXContainerItemProxy;
			containerPortal = ADB948FE1A63E502004C147B /* Project object */;
			proxyType = 1;
			remoteGlobalIDString = ADB949051A63E502004C147B;
			remoteInfo = StarWars;
		};
/* End PBXContainerItemProxy section */

/* Begin PBXFileReference section */
		AD5CBFC91A667DF5000EE101 /* hand61.png */ = {isa = PBXFileReference; lastKnownFileType = image.png; path = hand61.png; sourceTree = "<group>"; };
		AD5CBFCA1A667DF5000EE101 /* mobilephone15.png */ = {isa = PBXFileReference; lastKnownFileType = image.png; path = mobilephone15.png; sourceTree = "<group>"; };
		ADB949061A63E502004C147B /* StarWars.app */ = {isa = PBXFileReference; explicitFileType = wrapper.application; includeInIndex = 0; path = StarWars.app; sourceTree = BUILT_PRODUCTS_DIR; };
		ADB9490A1A63E502004C147B /* Info.plist */ = {isa = PBXFileReference; lastKnownFileType = text.plist.xml; path = Info.plist; sourceTree = "<group>"; };
		ADB9490B1A63E502004C147B /* main.m */ = {isa = PBXFileReference; lastKnownFileType = sourcecode.c.objc; path = main.m; sourceTree = "<group>"; };
		ADB9490D1A63E502004C147B /* AppDelegate.h */ = {isa = PBXFileReference; lastKnownFileType = sourcecode.c.h; path = AppDelegate.h; sourceTree = "<group>"; };
		ADB9490E1A63E502004C147B /* AppDelegate.m */ = {isa = PBXFileReference; lastKnownFileType = sourcecode.c.objc; path = AppDelegate.m; sourceTree = "<group>"; };
		ADB949101A63E502004C147B /* Images.xcassets */ = {isa = PBXFileReference; lastKnownFileType = folder.assetcatalog; path = Images.xcassets; sourceTree = "<group>"; };
		ADB949131A63E502004C147B /* Base */ = {isa = PBXFileReference; lastKnownFileType = file.xib; name = Base; path = Base.lproj/LaunchScreen.xib; sourceTree = "<group>"; };
		ADB949191A63E502004C147B /* StarWarsTests.xctest */ = {isa = PBXFileReference; explicitFileType = wrapper.cfbundle; includeInIndex = 0; path = StarWarsTests.xctest; sourceTree = BUILT_PRODUCTS_DIR; };
		ADB9491E1A63E502004C147B /* Info.plist */ = {isa = PBXFileReference; lastKnownFileType = text.plist.xml; path = Info.plist; sourceTree = "<group>"; };
		ADB9491F1A63E502004C147B /* StarWarsTests.m */ = {isa = PBXFileReference; lastKnownFileType = sourcecode.c.objc; path = StarWarsTests.m; sourceTree = "<group>"; };
		ADB949291A63F08B004C147B /* VOSStarWarsCharacter.h */ = {isa = PBXFileReference; fileEncoding = 4; lastKnownFileType = sourcecode.c.h; path = VOSStarWarsCharacter.h; sourceTree = "<group>"; };
		ADB9492A1A63F08B004C147B /* VOSStarWarsCharacter.m */ = {isa = PBXFileReference; fileEncoding = 4; lastKnownFileType = sourcecode.c.objc; path = VOSStarWarsCharacter.m; sourceTree = "<group>"; };
		ADB9492D1A63F6FE004C147B /* VOSCharacterViewController.h */ = {isa = PBXFileReference; fileEncoding = 4; lastKnownFileType = sourcecode.c.h; path = VOSCharacterViewController.h; sourceTree = "<group>"; };
		ADB9492E1A63F6FE004C147B /* VOSCharacterViewController.m */ = {isa = PBXFileReference; fileEncoding = 4; lastKnownFileType = sourcecode.c.objc; path = VOSCharacterViewController.m; sourceTree = "<group>"; };
		ADB9492F1A63F6FE004C147B /* VOSCharacterViewController.xib */ = {isa = PBXFileReference; fileEncoding = 4; lastKnownFileType = file.xib; path = VOSCharacterViewController.xib; sourceTree = "<group>"; };
		ADB949341A640452004C147B /* c3po.jpg */ = {isa = PBXFileReference; lastKnownFileType = image.jpeg; path = c3po.jpg; sourceTree = "<group>"; };
		ADB949351A640452004C147B /* c3po.caf */ = {isa = PBXFileReference; lastKnownFileType = file; path = c3po.caf; sourceTree = "<group>"; };
		ADB949361A640452004C147B /* chewbacca.caf */ = {isa = PBXFileReference; lastKnownFileType = file; path = chewbacca.caf; sourceTree = "<group>"; };
		ADB949371A640452004C147B /* chewbacca.jpg */ = {isa = PBXFileReference; lastKnownFileType = image.jpeg; path = chewbacca.jpg; sourceTree = "<group>"; };
		ADB949381A640452004C147B /* darthVader.jpg */ = {isa = PBXFileReference; lastKnownFileType = image.jpeg; path = darthVader.jpg; sourceTree = "<group>"; };
		ADB949391A640452004C147B /* palpatine.caf */ = {isa = PBXFileReference; lastKnownFileType = file; path = palpatine.caf; sourceTree = "<group>"; };
		ADB9493A1A640452004C147B /* palpatine.jpg */ = {isa = PBXFileReference; lastKnownFileType = image.jpeg; path = palpatine.jpg; sourceTree = "<group>"; };
		ADB9493B1A640452004C147B /* r2-d2.caf */ = {isa = PBXFileReference; lastKnownFileType = file; path = "r2-d2.caf"; sourceTree = "<group>"; };
		ADB9493C1A640452004C147B /* R2-D2.jpg */ = {isa = PBXFileReference; lastKnownFileType = image.jpeg; path = "R2-D2.jpg"; sourceTree = "<group>"; };
		ADB9493D1A640452004C147B /* tarkin.caf */ = {isa = PBXFileReference; lastKnownFileType = file; path = tarkin.caf; sourceTree = "<group>"; };
		ADB9493E1A640452004C147B /* tarkin.jpg */ = {isa = PBXFileReference; lastKnownFileType = image.jpeg; path = tarkin.jpg; sourceTree = "<group>"; };
		ADB9493F1A640452004C147B /* vader.caf */ = {isa = PBXFileReference; lastKnownFileType = file; path = vader.caf; sourceTree = "<group>"; };
		ADB949401A640452004C147B /* yoda.caf */ = {isa = PBXFileReference; lastKnownFileType = file; path = yoda.caf; sourceTree = "<group>"; };
		ADB949411A640452004C147B /* yoda.jpg */ = {isa = PBXFileReference; lastKnownFileType = image.jpeg; path = yoda.jpg; sourceTree = "<group>"; };
		ADBD67781A651A9400C150CA /* CafPlayer.h */ = {isa = PBXFileReference; fileEncoding = 4; lastKnownFileType = sourcecode.c.h; path = CafPlayer.h; sourceTree = "<group>"; };
		ADBD67791A651A9400C150CA /* CafPlayer.m */ = {isa = PBXFileReference; fileEncoding = 4; lastKnownFileType = sourcecode.c.objc; path = CafPlayer.m; sourceTree = "<group>"; };
		ADBD677B1A6520E100C150CA /* VOSWikiViewController.h */ = {isa = PBXFileReference; fileEncoding = 4; lastKnownFileType = sourcecode.c.h; path = VOSWikiViewController.h; sourceTree = "<group>"; };
		ADBD677C1A6520E100C150CA /* VOSWikiViewController.m */ = {isa = PBXFileReference; fileEncoding = 4; lastKnownFileType = sourcecode.c.objc; path = VOSWikiViewController.m; sourceTree = "<group>"; };
		ADBD677D1A6520E100C150CA /* VOSWikiViewController.xib */ = {isa = PBXFileReference; fileEncoding = 4; lastKnownFileType = file.xib; path = VOSWikiViewController.xib; sourceTree = "<group>"; };
		ADCE8A261A66840C008A601C /* VOSStarWarsUniverseViewController.h */ = {isa = PBXFileReference; fileEncoding = 4; lastKnownFileType = sourcecode.c.h; path = VOSStarWarsUniverseViewController.h; sourceTree = "<group>"; };
		ADCE8A271A66840C008A601C /* VOSStarWarsUniverseViewController.m */ = {isa = PBXFileReference; fileEncoding = 4; lastKnownFileType = sourcecode.c.objc; path = VOSStarWarsUniverseViewController.m; sourceTree = "<group>"; };
		ADE267B01A6676B5002A929A /* VOSStarWarsUniverse.h */ = {isa = PBXFileReference; fileEncoding = 4; lastKnownFileType = sourcecode.c.h; path = VOSStarWarsUniverse.h; sourceTree = "<group>"; };
		ADE267B11A6676B5002A929A /* VOSStarWarsUniverse.m */ = {isa = PBXFileReference; fileEncoding = 4; lastKnownFileType = sourcecode.c.objc; path = VOSStarWarsUniverse.m; sourceTree = "<group>"; };
/* End PBXFileReference section */

/* Begin PBXFrameworksBuildPhase section */
		ADB949031A63E502004C147B /* Frameworks */ = {
			isa = PBXFrameworksBuildPhase;
			buildActionMask = 2147483647;
			files = (
			);
			runOnlyForDeploymentPostprocessing = 0;
		};
		ADB949161A63E502004C147B /* Frameworks */ = {
			isa = PBXFrameworksBuildPhase;
			buildActionMask = 2147483647;
			files = (
			);
			runOnlyForDeploymentPostprocessing = 0;
		};
/* End PBXFrameworksBuildPhase section */

/* Begin PBXGroup section */
		ADB948FD1A63E502004C147B = {
			isa = PBXGroup;
			children = (
				ADB949081A63E502004C147B /* StarWars */,
				ADB9491C1A63E502004C147B /* StarWarsTests */,
				ADB949071A63E502004C147B /* Products */,
			);
			sourceTree = "<group>";
		};
		ADB949071A63E502004C147B /* Products */ = {
			isa = PBXGroup;
			children = (
				ADB949061A63E502004C147B /* StarWars.app */,
				ADB949191A63E502004C147B /* StarWarsTests.xctest */,
			);
			name = Products;
			sourceTree = "<group>";
		};
		ADB949081A63E502004C147B /* StarWars */ = {
			isa = PBXGroup;
			children = (
				ADB9490D1A63E502004C147B /* AppDelegate.h */,
				ADB9490E1A63E502004C147B /* AppDelegate.m */,
				ADB949101A63E502004C147B /* Images.xcassets */,
				ADB949121A63E502004C147B /* LaunchScreen.xib */,
				ADBD67771A651A8000C150CA /* Sound */,
				ADB949331A64043D004C147B /* Resources */,
				ADB949091A63E502004C147B /* Supporting Files */,
				ADB949321A63F705004C147B /* Controllers */,
				ADB9492C1A63F090004C147B /* Models */,
			);
			path = StarWars;
			sourceTree = "<group>";
		};
		ADB949091A63E502004C147B /* Supporting Files */ = {
			isa = PBXGroup;
			children = (
				ADB9490A1A63E502004C147B /* Info.plist */,
				ADB9490B1A63E502004C147B /* main.m */,
			);
			name = "Supporting Files";
			sourceTree = "<group>";
		};
		ADB9491C1A63E502004C147B /* StarWarsTests */ = {
			isa = PBXGroup;
			children = (
				ADB9491F1A63E502004C147B /* StarWarsTests.m */,
				ADB9491D1A63E502004C147B /* Supporting Files */,
			);
			path = StarWarsTests;
			sourceTree = "<group>";
		};
		ADB9491D1A63E502004C147B /* Supporting Files */ = {
			isa = PBXGroup;
			children = (
				ADB9491E1A63E502004C147B /* Info.plist */,
			);
			name = "Supporting Files";
			sourceTree = "<group>";
		};
		ADB9492C1A63F090004C147B /* Models */ = {
			isa = PBXGroup;
			children = (
				ADB949291A63F08B004C147B /* VOSStarWarsCharacter.h */,
				ADB9492A1A63F08B004C147B /* VOSStarWarsCharacter.m */,
				ADE267B01A6676B5002A929A /* VOSStarWarsUniverse.h */,
				ADE267B11A6676B5002A929A /* VOSStarWarsUniverse.m */,
			);
			name = Models;
			sourceTree = "<group>";
		};
		ADB949321A63F705004C147B /* Controllers */ = {
			isa = PBXGroup;
			children = (
				ADB9492D1A63F6FE004C147B /* VOSCharacterViewController.h */,
				ADB9492E1A63F6FE004C147B /* VOSCharacterViewController.m */,
				ADB9492F1A63F6FE004C147B /* VOSCharacterViewController.xib */,
				ADBD677B1A6520E100C150CA /* VOSWikiViewController.h */,
				ADBD677C1A6520E100C150CA /* VOSWikiViewController.m */,
				ADBD677D1A6520E100C150CA /* VOSWikiViewController.xib */,
				ADCE8A261A66840C008A601C /* VOSStarWarsUniverseViewController.h */,
				ADCE8A271A66840C008A601C /* VOSStarWarsUniverseViewController.m */,
			);
			name = Controllers;
			sourceTree = "<group>";
		};
		ADB949331A64043D004C147B /* Resources */ = {
			isa = PBXGroup;
			children = (
				AD5CBFC91A667DF5000EE101 /* hand61.png */,
				AD5CBFCA1A667DF5000EE101 /* mobilephone15.png */,
				ADB949341A640452004C147B /* c3po.jpg */,
				ADB949351A640452004C147B /* c3po.caf */,
				ADB949361A640452004C147B /* chewbacca.caf */,
				ADB949371A640452004C147B /* chewbacca.jpg */,
				ADB949381A640452004C147B /* darthVader.jpg */,
				ADB949391A640452004C147B /* palpatine.caf */,
				ADB9493A1A640452004C147B /* palpatine.jpg */,
				ADB9493B1A640452004C147B /* r2-d2.caf */,
				ADB9493C1A640452004C147B /* R2-D2.jpg */,
				ADB9493D1A640452004C147B /* tarkin.caf */,
				ADB9493E1A640452004C147B /* tarkin.jpg */,
				ADB9493F1A640452004C147B /* vader.caf */,
				ADB949401A640452004C147B /* yoda.caf */,
				ADB949411A640452004C147B /* yoda.jpg */,
			);
			name = Resources;
			sourceTree = "<group>";
		};
		ADBD67771A651A8000C150CA /* Sound */ = {
			isa = PBXGroup;
			children = (
				ADBD67781A651A9400C150CA /* CafPlayer.h */,
				ADBD67791A651A9400C150CA /* CafPlayer.m */,
			);
			name = Sound;
			sourceTree = "<group>";
		};
/* End PBXGroup section */

/* Begin PBXNativeTarget section */
		ADB949051A63E502004C147B /* StarWars */ = {
			isa = PBXNativeTarget;
			buildConfigurationList = ADB949231A63E502004C147B /* Build configuration list for PBXNativeTarget "StarWars" */;
			buildPhases = (
				ADB949021A63E502004C147B /* Sources */,
				ADB949031A63E502004C147B /* Frameworks */,
				ADB949041A63E502004C147B /* Resources */,
			);
			buildRules = (
			);
			dependencies = (
			);
			name = StarWars;
			productName = StarWars;
			productReference = ADB949061A63E502004C147B /* StarWars.app */;
			productType = "com.apple.product-type.application";
		};
		ADB949181A63E502004C147B /* StarWarsTests */ = {
			isa = PBXNativeTarget;
			buildConfigurationList = ADB949261A63E502004C147B /* Build configuration list for PBXNativeTarget "StarWarsTests" */;
			buildPhases = (
				ADB949151A63E502004C147B /* Sources */,
				ADB949161A63E502004C147B /* Frameworks */,
				ADB949171A63E502004C147B /* Resources */,
			);
			buildRules = (
			);
			dependencies = (
				ADB9491B1A63E502004C147B /* PBXTargetDependency */,
			);
			name = StarWarsTests;
			productName = StarWarsTests;
			productReference = ADB949191A63E502004C147B /* StarWarsTests.xctest */;
			productType = "com.apple.product-type.bundle.unit-test";
		};
/* End PBXNativeTarget section */

/* Begin PBXProject section */
		ADB948FE1A63E502004C147B /* Project object */ = {
			isa = PBXProject;
			attributes = {
				LastUpgradeCheck = 0610;
				ORGANIZATIONNAME = "Vicente Oliva de la Serna";
				TargetAttributes = {
					ADB949051A63E502004C147B = {
						CreatedOnToolsVersion = 6.1.1;
					};
					ADB949181A63E502004C147B = {
						CreatedOnToolsVersion = 6.1.1;
						TestTargetID = ADB949051A63E502004C147B;
					};
				};
			};
			buildConfigurationList = ADB949011A63E502004C147B /* Build configuration list for PBXProject "StarWars" */;
			compatibilityVersion = "Xcode 3.2";
			developmentRegion = English;
			hasScannedForEncodings = 0;
			knownRegions = (
				en,
				Base,
			);
			mainGroup = ADB948FD1A63E502004C147B;
			productRefGroup = ADB949071A63E502004C147B /* Products */;
			projectDirPath = "";
			projectRoot = "";
			targets = (
				ADB949051A63E502004C147B /* StarWars */,
				ADB949181A63E502004C147B /* StarWarsTests */,
			);
		};
/* End PBXProject section */

/* Begin PBXResourcesBuildPhase section */
		ADB949041A63E502004C147B /* Resources */ = {
			isa = PBXResourcesBuildPhase;
			buildActionMask = 2147483647;
			files = (
				ADB9494C1A640452004C147B /* tarkin.jpg in Resources */,
				ADB949421A640452004C147B /* c3po.jpg in Resources */,
				ADB949311A63F6FE004C147B /* VOSCharacterViewController.xib in Resources */,
				ADB9494F1A640452004C147B /* yoda.jpg in Resources */,
				ADB949461A640452004C147B /* darthVader.jpg in Resources */,
				ADB9494A1A640452004C147B /* R2-D2.jpg in Resources */,
				ADB949441A640452004C147B /* chewbacca.caf in Resources */,
				ADB949141A63E502004C147B /* LaunchScreen.xib in Resources */,
				ADB9494B1A640452004C147B /* tarkin.caf in Resources */,
				ADB949471A640452004C147B /* palpatine.caf in Resources */,
				ADB949481A640452004C147B /* palpatine.jpg in Resources */,
				ADBD677F1A6520E100C150CA /* VOSWikiViewController.xib in Resources */,
				AD5CBFCC1A667DF5000EE101 /* mobilephone15.png in Resources */,
				ADB9494D1A640452004C147B /* vader.caf in Resources */,
				ADB949431A640452004C147B /* c3po.caf in Resources */,
				ADB949491A640452004C147B /* r2-d2.caf in Resources */,
				ADB9494E1A640452004C147B /* yoda.caf in Resources */,
				AD5CBFCB1A667DF5000EE101 /* hand61.png in Resources */,
				ADB949111A63E502004C147B /* Images.xcassets in Resources */,
				ADB949451A640452004C147B /* chewbacca.jpg in Resources */,
			);
			runOnlyForDeploymentPostprocessing = 0;
		};
		ADB949171A63E502004C147B /* Resources */ = {
			isa = PBXResourcesBuildPhase;
			buildActionMask = 2147483647;
			files = (
			);
			runOnlyForDeploymentPostprocessing = 0;
		};
/* End PBXResourcesBuildPhase section */

/* Begin PBXSourcesBuildPhase section */
		ADB949021A63E502004C147B /* Sources */ = {
			isa = PBXSourcesBuildPhase;
			buildActionMask = 2147483647;
			files = (
				ADB9492B1A63F08B004C147B /* VOSStarWarsCharacter.m in Sources */,
				ADB9490F1A63E502004C147B /* AppDelegate.m in Sources */,
				ADBD677A1A651A9400C150CA /* CafPlayer.m in Sources */,
				ADE267B21A6676B5002A929A /* VOSStarWarsUniverse.m in Sources */,
				ADB9490C1A63E502004C147B /* main.m in Sources */,
				ADCE8A281A66840C008A601C /* VOSStarWarsUniverseViewController.m in Sources */,
				ADB949301A63F6FE004C147B /* VOSCharacterViewController.m in Sources */,
				ADBD677E1A6520E100C150CA /* VOSWikiViewController.m in Sources */,
			);
			runOnlyForDeploymentPostprocessing = 0;
		};
		ADB949151A63E502004C147B /* Sources */ = {
			isa = PBXSourcesBuildPhase;
			buildActionMask = 2147483647;
			files = (
				ADB949201A63E502004C147B /* StarWarsTests.m in Sources */,
			);
			runOnlyForDeploymentPostprocessing = 0;
		};
/* End PBXSourcesBuildPhase section */

/* Begin PBXTargetDependency section */
		ADB9491B1A63E502004C147B /* PBXTargetDependency */ = {
			isa = PBXTargetDependency;
			target = ADB949051A63E502004C147B /* StarWars */;
			targetProxy = ADB9491A1A63E502004C147B /* PBXContainerItemProxy */;
		};
/* End PBXTargetDependency section */

/* Begin PBXVariantGroup section */
		ADB949121A63E502004C147B /* LaunchScreen.xib */ = {
			isa = PBXVariantGroup;
			children = (
				ADB949131A63E502004C147B /* Base */,
			);
			name = LaunchScreen.xib;
			sourceTree = "<group>";
		};
/* End PBXVariantGroup section */

/* Begin XCBuildConfiguration section */
		ADB949211A63E502004C147B /* Debug */ = {
			isa = XCBuildConfiguration;
			buildSettings = {
				ALWAYS_SEARCH_USER_PATHS = NO;
				CLANG_CXX_LANGUAGE_STANDARD = "gnu++0x";
				CLANG_CXX_LIBRARY = "libc++";
				CLANG_ENABLE_MODULES = YES;
				CLANG_ENABLE_OBJC_ARC = YES;
				CLANG_WARN_BOOL_CONVERSION = YES;
				CLANG_WARN_CONSTANT_CONVERSION = YES;
				CLANG_WARN_DIRECT_OBJC_ISA_USAGE = YES_ERROR;
				CLANG_WARN_EMPTY_BODY = YES;
				CLANG_WARN_ENUM_CONVERSION = YES;
				CLANG_WARN_INT_CONVERSION = YES;
				CLANG_WARN_OBJC_ROOT_CLASS = YES_ERROR;
				CLANG_WARN_UNREACHABLE_CODE = YES;
				CLANG_WARN__DUPLICATE_METHOD_MATCH = YES;
				"CODE_SIGN_IDENTITY[sdk=iphoneos*]" = "iPhone Developer";
				COPY_PHASE_STRIP = NO;
				ENABLE_STRICT_OBJC_MSGSEND = YES;
				GCC_C_LANGUAGE_STANDARD = gnu99;
				GCC_DYNAMIC_NO_PIC = NO;
				GCC_OPTIMIZATION_LEVEL = 0;
				GCC_PREPROCESSOR_DEFINITIONS = (
					"DEBUG=1",
					"$(inherited)",
				);
				GCC_SYMBOLS_PRIVATE_EXTERN = NO;
				GCC_WARN_64_TO_32_BIT_CONVERSION = YES;
				GCC_WARN_ABOUT_RETURN_TYPE = YES_ERROR;
				GCC_WARN_UNDECLARED_SELECTOR = YES;
				GCC_WARN_UNINITIALIZED_AUTOS = YES_AGGRESSIVE;
				GCC_WARN_UNUSED_FUNCTION = YES;
				GCC_WARN_UNUSED_VARIABLE = YES;
				IPHONEOS_DEPLOYMENT_TARGET = 8.1;
				MTL_ENABLE_DEBUG_INFO = YES;
				ONLY_ACTIVE_ARCH = YES;
				SDKROOT = iphoneos;
				TARGETED_DEVICE_FAMILY = 2;
			};
			name = Debug;
		};
		ADB949221A63E502004C147B /* Release */ = {
			isa = XCBuildConfiguration;
			buildSettings = {
				ALWAYS_SEARCH_USER_PATHS = NO;
				CLANG_CXX_LANGUAGE_STANDARD = "gnu++0x";
				CLANG_CXX_LIBRARY = "libc++";
				CLANG_ENABLE_MODULES = YES;
				CLANG_ENABLE_OBJC_ARC = YES;
				CLANG_WARN_BOOL_CONVERSION = YES;
				CLANG_WARN_CONSTANT_CONVERSION = YES;
				CLANG_WARN_DIRECT_OBJC_ISA_USAGE = YES_ERROR;
				CLANG_WARN_EMPTY_BODY = YES;
				CLANG_WARN_ENUM_CONVERSION = YES;
				CLANG_WARN_INT_CONVERSION = YES;
				CLANG_WARN_OBJC_ROOT_CLASS = YES_ERROR;
				CLANG_WARN_UNREACHABLE_CODE = YES;
				CLANG_WARN__DUPLICATE_METHOD_MATCH = YES;
				"CODE_SIGN_IDENTITY[sdk=iphoneos*]" = "iPhone Developer";
				COPY_PHASE_STRIP = YES;
				ENABLE_NS_ASSERTIONS = NO;
				ENABLE_STRICT_OBJC_MSGSEND = YES;
				GCC_C_LANGUAGE_STANDARD = gnu99;
				GCC_WARN_64_TO_32_BIT_CONVERSION = YES;
				GCC_WARN_ABOUT_RETURN_TYPE = YES_ERROR;
				GCC_WARN_UNDECLARED_SELECTOR = YES;
				GCC_WARN_UNINITIALIZED_AUTOS = YES_AGGRESSIVE;
				GCC_WARN_UNUSED_FUNCTION = YES;
				GCC_WARN_UNUSED_VARIABLE = YES;
				IPHONEOS_DEPLOYMENT_TARGET = 8.1;
				MTL_ENABLE_DEBUG_INFO = NO;
				SDKROOT = iphoneos;
				TARGETED_DEVICE_FAMILY = 2;
				VALIDATE_PRODUCT = YES;
			};
			name = Release;
		};
		ADB949241A63E502004C147B /* Debug */ = {
			isa = XCBuildConfiguration;
			buildSettings = {
				ASSETCATALOG_COMPILER_APPICON_NAME = AppIcon;
				INFOPLIST_FILE = StarWars/Info.plist;
				LD_RUNPATH_SEARCH_PATHS = "$(inherited) @executable_path/Frameworks";
				PRODUCT_NAME = "$(TARGET_NAME)";
			};
			name = Debug;
		};
		ADB949251A63E502004C147B /* Release */ = {
			isa = XCBuildConfiguration;
			buildSettings = {
				ASSETCATALOG_COMPILER_APPICON_NAME = AppIcon;
				INFOPLIST_FILE = StarWars/Info.plist;
				LD_RUNPATH_SEARCH_PATHS = "$(inherited) @executable_path/Frameworks";
				PRODUCT_NAME = "$(TARGET_NAME)";
			};
			name = Release;
		};
		ADB949271A63E502004C147B /* Debug */ = {
			isa = XCBuildConfiguration;
			buildSettings = {
				BUNDLE_LOADER = "$(TEST_HOST)";
				FRAMEWORK_SEARCH_PATHS = (
					"$(SDKROOT)/Developer/Library/Frameworks",
					"$(inherited)",
				);
				GCC_PREPROCESSOR_DEFINITIONS = (
					"DEBUG=1",
					"$(inherited)",
				);
				INFOPLIST_FILE = StarWarsTests/Info.plist;
				LD_RUNPATH_SEARCH_PATHS = "$(inherited) @executable_path/Frameworks @loader_path/Frameworks";
				PRODUCT_NAME = "$(TARGET_NAME)";
				TEST_HOST = "$(BUILT_PRODUCTS_DIR)/StarWars.app/StarWars";
			};
			name = Debug;
		};
		ADB949281A63E502004C147B /* Release */ = {
			isa = XCBuildConfiguration;
			buildSettings = {
				BUNDLE_LOADER = "$(TEST_HOST)";
				FRAMEWORK_SEARCH_PATHS = (
					"$(SDKROOT)/Developer/Library/Frameworks",
					"$(inherited)",
				);
				INFOPLIST_FILE = StarWarsTests/Info.plist;
				LD_RUNPATH_SEARCH_PATHS = "$(inherited) @executable_path/Frameworks @loader_path/Frameworks";
				PRODUCT_NAME = "$(TARGET_NAME)";
				TEST_HOST = "$(BUILT_PRODUCTS_DIR)/StarWars.app/StarWars";
			};
			name = Release;
		};
/* End XCBuildConfiguration section */

/* Begin XCConfigurationList section */
		ADB949011A63E502004C147B /* Build configuration list for PBXProject "StarWars" */ = {
			isa = XCConfigurationList;
			buildConfigurations = (
				ADB949211A63E502004C147B /* Debug */,
				ADB949221A63E502004C147B /* Release */,
			);
			defaultConfigurationIsVisible = 0;
			defaultConfigurationName = Release;
		};
		ADB949231A63E502004C147B /* Build configuration list for PBXNativeTarget "StarWars" */ = {
			isa = XCConfigurationList;
			buildConfigurations = (
				ADB949241A63E502004C147B /* Debug */,
				ADB949251A63E502004C147B /* Release */,
			);
			defaultConfigurationIsVisible = 0;
			defaultConfigurationName = Release;
		};
		ADB949261A63E502004C147B /* Build configuration list for PBXNativeTarget "StarWarsTests" */ = {
			isa = XCConfigurationList;
			buildConfigurations = (
				ADB949271A63E502004C147B /* Debug */,
				ADB949281A63E502004C147B /* Release */,
			);
			defaultConfigurationIsVisible = 0;
			defaultConfigurationName = Release;
		};
/* End XCConfigurationList section */
	};
	rootObject = ADB948FE1A63E502004C147B /* Project object */;
}
